
Microsoft Visual Studio Solution File, Format Version 12.00
# Visual Studio 15
VisualStudioVersion = 15.0.28010.2019
MinimumVisualStudioVersion = 10.0.40219.1
Project("{FAE04EC0-301F-11D3-BF4B-00C04F79EFBC}") = "Client", "Client\Client.csproj", "{9C321457-592A-43C4-9D32-D9791ECF02F0}"
EndProject
Project("{FAE04EC0-301F-11D3-BF4B-00C04F79EFBC}") = "Client.WUP", "Client.WUP\Client.WUP.csproj", "{E3A36A80-66F3-482B-BFD6-B5F072BCF687}"
EndProject
Global
	GlobalSection(SolutionConfigurationPlatforms) = preSolution
		Debug|Any CPU = Debug|Any CPU
		Debug|ARM = Debug|ARM
		Debug|x64 = Debug|x64
		Debug|x86 = Debug|x86
		Release|Any CPU = Release|Any CPU
		Release|ARM = Release|ARM
		Release|x64 = Release|x64
		Release|x86 = Release|x86
	EndGlobalSection
	GlobalSection(ProjectConfigurationPlatforms) = postSolution
		{9C321457-592A-43C4-9D32-D9791ECF02F0}.Debug|Any CPU.ActiveCfg = Debug|Any CPU
		{9C321457-592A-43C4-9D32-D9791ECF02F0}.Debug|Any CPU.Build.0 = Debug|Any CPU
		{9C321457-592A-43C4-9D32-D9791ECF02F0}.Debug|ARM.ActiveCfg = Debug|Any CPU
		{9C321457-592A-43C4-9D32-D9791ECF02F0}.Debug|ARM.Build.0 = Debug|Any CPU
		{9C321457-592A-43C4-9D32-D9791ECF02F0}.Debug|x64.ActiveCfg = Debug|Any CPU
		{9C321457-592A-43C4-9D32-D9791ECF02F0}.Debug|x64.Build.0 = Debug|Any CPU
		{9C321457-592A-43C4-9D32-D9791ECF02F0}.Debug|x86.ActiveCfg = Debug|Any CPU
		{9C321457-592A-43C4-9D32-D9791ECF02F0}.Debug|x86.Build.0 = Debug|Any CPU
		{9C321457-592A-43C4-9D32-D9791ECF02F0}.Release|Any CPU.ActiveCfg = Release|Any CPU
		{9C321457-592A-43C4-9D32-D9791ECF02F0}.Release|Any CPU.Build.0 = Release|Any CPU
		{9C321457-592A-43C4-9D32-D9791ECF02F0}.Release|ARM.ActiveCfg = Release|Any CPU
		{9C321457-592A-43C4-9D32-D9791ECF02F0}.Release|ARM.Build.0 = Release|Any CPU
		{9C321457-592A-43C4-9D32-D9791ECF02F0}.Release|x64.ActiveCfg = Release|Any CPU
		{9C321457-592A-43C4-9D32-D9791ECF02F0}.Release|x64.Build.0 = Release|Any CPU
		{9C321457-592A-43C4-9D32-D9791ECF02F0}.Release|x86.ActiveCfg = Release|Any CPU
		{9C321457-592A-43C4-9D32-D9791ECF02F0}.Release|x86.Build.0 = Release|Any CPU
		{E3A36A80-66F3-482B-BFD6-B5F072BCF687}.Debug|Any CPU.ActiveCfg = Debug|x86
		{E3A36A80-66F3-482B-BFD6-B5F072BCF687}.Debug|ARM.ActiveCfg = Debug|ARM
		{E3A36A80-66F3-482B-BFD6-B5F072BCF687}.Debug|ARM.Build.0 = Debug|ARM
		{E3A36A80-66F3-482B-BFD6-B5F072BCF687}.Debug|ARM.Deploy.0 = Debug|ARM
		{E3A36A80-66F3-482B-BFD6-B5F072BCF687}.Debug|x64.ActiveCfg = Debug|x64
		{E3A36A80-66F3-482B-BFD6-B5F072BCF687}.Debug|x64.Build.0 = Debug|x64
		{E3A36A80-66F3-482B-BFD6-B5F072BCF687}.Debug|x64.Deploy.0 = Debug|x64
		{E3A36A80-66F3-482B-BFD6-B5F072BCF687}.Debug|x86.ActiveCfg = Debug|x86
		{E3A36A80-66F3-482B-BFD6-B5F072BCF687}.Debug|x86.Build.0 = Debug|x86
		{E3A36A80-66F3-482B-BFD6-B5F072BCF687}.Debug|x86.Deploy.0 = Debug|x86
		{E3A36A80-66F3-482B-BFD6-B5F072BCF687}.Release|Any CPU.ActiveCfg = Release|x86
		{E3A36A80-66F3-482B-BFD6-B5F072BCF687}.Release|ARM.ActiveCfg = Release|ARM
		{E3A36A80-66F3-482B-BFD6-B5F072BCF687}.Release|ARM.Build.0 = Release|ARM
		{E3A36A80-66F3-482B-BFD6-B5F072BCF687}.Release|ARM.Deploy.0 = Release|ARM
		{E3A36A80-66F3-482B-BFD6-B5F072BCF687}.Release|x64.ActiveCfg = Release|x64
		{E3A36A80-66F3-482B-BFD6-B5F072BCF687}.Release|x64.Build.0 = Release|x64
		{E3A36A80-66F3-482B-BFD6-B5F072BCF687}.Release|x64.Deploy.0 = Release|x64
		{E3A36A80-66F3-482B-BFD6-B5F072BCF687}.Release|x86.ActiveCfg = Release|x86
		{E3A36A80-66F3-482B-BFD6-B5F072BCF687}.Release|x86.Build.0 = Release|x86
		{E3A36A80-66F3-482B-BFD6-B5F072BCF687}.Release|x86.Deploy.0 = Release|x86
	EndGlobalSection
	GlobalSection(SolutionProperties) = preSolution
		HideSolutionNode = FALSE
	EndGlobalSection
	GlobalSection(ExtensibilityGlobals) = postSolution
		SolutionGuid = {FFBBC379-3F6D-4C47-93CB-B695B1098658}
	EndGlobalSection
EndGlobal
